
Microsoft Visual Studio Solution File, Format Version 12.00
# Visual Studio Version 17
VisualStudioVersion = 17.0.31903.59
MinimumVisualStudioVersion = 10.0.40219.1
Project("{2150E333-8FDC-42A3-9474-1A3956D46DE8}") = "src", "src", "{827E0CD3-B72D-47B6-A68D-7590B98EB39B}"
EndProject
Project("{FAE04EC0-301F-11D3-BF4B-00C04F79EFBC}") = "ChatbotAI.API", "src\ChatbotAI.API\ChatbotAI.API.csproj", "{B119165D-D222-4012-ACF7-73778373CC92}"
EndProject
Project("{FAE04EC0-301F-11D3-BF4B-00C04F79EFBC}") = "ChatbotAI.Domain", "src\ChatbotAI.Domain\ChatbotAI.Domain.csproj", "{098ADBD5-1891-47F4-86C7-6BD7A1667ACB}"
EndProject
Project("{FAE04EC0-301F-11D3-BF4B-00C04F79EFBC}") = "ChatbotAI.Application", "src\ChatbotAI.Application\ChatbotAI.Application.csproj", "{7D71E78A-EAF9-451A-9C46-C4EAA123FC7F}"
EndProject
Project("{FAE04EC0-301F-11D3-BF4B-00C04F79EFBC}") = "ChatbotAI.Infrastructure", "src\ChatbotAI.Infrastructure\ChatbotAI.Infrastructure.csproj", "{AE29CF06-4DDE-40FB-A8A2-935BFFE5AFB7}"
EndProject
Project("{FAE04EC0-301F-11D3-BF4B-00C04F79EFBC}") = "ChatbotAI.UnitTests", "tests\ChatbotAI.UnitTests\ChatbotAI.UnitTests.csproj", "{F3DD6324-9889-4088-A9F0-37430853C7F8}"
EndProject
Project("{FAE04EC0-301F-11D3-BF4B-00C04F79EFBC}") = "ChatbotAI.IntegrationTests", "tests\ChatbotAI.IntegrationTests\ChatbotAI.IntegrationTests.csproj", "{0411AF81-B095-44DB-9FA0-8E7902BAD3A8}"
EndProject
Global
	GlobalSection(SolutionConfigurationPlatforms) = preSolution
		Debug|Any CPU = Debug|Any CPU
		Debug|x64 = Debug|x64
		Debug|x86 = Debug|x86
		Release|Any CPU = Release|Any CPU
		Release|x64 = Release|x64
		Release|x86 = Release|x86
	EndGlobalSection
	GlobalSection(ProjectConfigurationPlatforms) = postSolution
		{B119165D-D222-4012-ACF7-73778373CC92}.Debug|Any CPU.ActiveCfg = Debug|Any CPU
		{B119165D-D222-4012-ACF7-73778373CC92}.Debug|Any CPU.Build.0 = Debug|Any CPU
		{B119165D-D222-4012-ACF7-73778373CC92}.Debug|x64.ActiveCfg = Debug|Any CPU
		{B119165D-D222-4012-ACF7-73778373CC92}.Debug|x64.Build.0 = Debug|Any CPU
		{B119165D-D222-4012-ACF7-73778373CC92}.Debug|x86.ActiveCfg = Debug|Any CPU
		{B119165D-D222-4012-ACF7-73778373CC92}.Debug|x86.Build.0 = Debug|Any CPU
		{B119165D-D222-4012-ACF7-73778373CC92}.Release|Any CPU.ActiveCfg = Release|Any CPU
		{B119165D-D222-4012-ACF7-73778373CC92}.Release|Any CPU.Build.0 = Release|Any CPU
		{B119165D-D222-4012-ACF7-73778373CC92}.Release|x64.ActiveCfg = Release|Any CPU
		{B119165D-D222-4012-ACF7-73778373CC92}.Release|x64.Build.0 = Release|Any CPU
		{B119165D-D222-4012-ACF7-73778373CC92}.Release|x86.ActiveCfg = Release|Any CPU
		{B119165D-D222-4012-ACF7-73778373CC92}.Release|x86.Build.0 = Release|Any CPU
		{098ADBD5-1891-47F4-86C7-6BD7A1667ACB}.Debug|Any CPU.ActiveCfg = Debug|Any CPU
		{098ADBD5-1891-47F4-86C7-6BD7A1667ACB}.Debug|Any CPU.Build.0 = Debug|Any CPU
		{098ADBD5-1891-47F4-86C7-6BD7A1667ACB}.Debug|x64.ActiveCfg = Debug|Any CPU
		{098ADBD5-1891-47F4-86C7-6BD7A1667ACB}.Debug|x64.Build.0 = Debug|Any CPU
		{098ADBD5-1891-47F4-86C7-6BD7A1667ACB}.Debug|x86.ActiveCfg = Debug|Any CPU
		{098ADBD5-1891-47F4-86C7-6BD7A1667ACB}.Debug|x86.Build.0 = Debug|Any CPU
		{098ADBD5-1891-47F4-86C7-6BD7A1667ACB}.Release|Any CPU.ActiveCfg = Release|Any CPU
		{098ADBD5-1891-47F4-86C7-6BD7A1667ACB}.Release|Any CPU.Build.0 = Release|Any CPU
		{098ADBD5-1891-47F4-86C7-6BD7A1667ACB}.Release|x64.ActiveCfg = Release|Any CPU
		{098ADBD5-1891-47F4-86C7-6BD7A1667ACB}.Release|x64.Build.0 = Release|Any CPU
		{098ADBD5-1891-47F4-86C7-6BD7A1667ACB}.Release|x86.ActiveCfg = Release|Any CPU
		{098ADBD5-1891-47F4-86C7-6BD7A1667ACB}.Release|x86.Build.0 = Release|Any CPU
		{7D71E78A-EAF9-451A-9C46-C4EAA123FC7F}.Debug|Any CPU.ActiveCfg = Debug|Any CPU
		{7D71E78A-EAF9-451A-9C46-C4EAA123FC7F}.Debug|Any CPU.Build.0 = Debug|Any CPU
		{7D71E78A-EAF9-451A-9C46-C4EAA123FC7F}.Debug|x64.ActiveCfg = Debug|Any CPU
		{7D71E78A-EAF9-451A-9C46-C4EAA123FC7F}.Debug|x64.Build.0 = Debug|Any CPU
		{7D71E78A-EAF9-451A-9C46-C4EAA123FC7F}.Debug|x86.ActiveCfg = Debug|Any CPU
		{7D71E78A-EAF9-451A-9C46-C4EAA123FC7F}.Debug|x86.Build.0 = Debug|Any CPU
		{7D71E78A-EAF9-451A-9C46-C4EAA123FC7F}.Release|Any CPU.ActiveCfg = Release|Any CPU
		{7D71E78A-EAF9-451A-9C46-C4EAA123FC7F}.Release|Any CPU.Build.0 = Release|Any CPU
		{7D71E78A-EAF9-451A-9C46-C4EAA123FC7F}.Release|x64.ActiveCfg = Release|Any CPU
		{7D71E78A-EAF9-451A-9C46-C4EAA123FC7F}.Release|x64.Build.0 = Release|Any CPU
		{7D71E78A-EAF9-451A-9C46-C4EAA123FC7F}.Release|x86.ActiveCfg = Release|Any CPU
		{7D71E78A-EAF9-451A-9C46-C4EAA123FC7F}.Release|x86.Build.0 = Release|Any CPU
		{AE29CF06-4DDE-40FB-A8A2-935BFFE5AFB7}.Debug|Any CPU.ActiveCfg = Debug|Any CPU
		{AE29CF06-4DDE-40FB-A8A2-935BFFE5AFB7}.Debug|Any CPU.Build.0 = Debug|Any CPU
		{AE29CF06-4DDE-40FB-A8A2-935BFFE5AFB7}.Debug|x64.ActiveCfg = Debug|Any CPU
		{AE29CF06-4DDE-40FB-A8A2-935BFFE5AFB7}.Debug|x64.Build.0 = Debug|Any CPU
		{AE29CF06-4DDE-40FB-A8A2-935BFFE5AFB7}.Debug|x86.ActiveCfg = Debug|Any CPU
		{AE29CF06-4DDE-40FB-A8A2-935BFFE5AFB7}.Debug|x86.Build.0 = Debug|Any CPU
		{AE29CF06-4DDE-40FB-A8A2-935BFFE5AFB7}.Release|Any CPU.ActiveCfg = Release|Any CPU
		{AE29CF06-4DDE-40FB-A8A2-935BFFE5AFB7}.Release|Any CPU.Build.0 = Release|Any CPU
		{AE29CF06-4DDE-40FB-A8A2-935BFFE5AFB7}.Release|x64.ActiveCfg = Release|Any CPU
		{AE29CF06-4DDE-40FB-A8A2-935BFFE5AFB7}.Release|x64.Build.0 = Release|Any CPU
		{AE29CF06-4DDE-40FB-A8A2-935BFFE5AFB7}.Release|x86.ActiveCfg = Release|Any CPU
		{AE29CF06-4DDE-40FB-A8A2-935BFFE5AFB7}.Release|x86.Build.0 = Release|Any CPU
		{F3DD6324-9889-4088-A9F0-37430853C7F8}.Debug|Any CPU.ActiveCfg = Debug|Any CPU
		{F3DD6324-9889-4088-A9F0-37430853C7F8}.Debug|Any CPU.Build.0 = Debug|Any CPU
		{F3DD6324-9889-4088-A9F0-37430853C7F8}.Debug|x64.ActiveCfg = Debug|Any CPU
		{F3DD6324-9889-4088-A9F0-37430853C7F8}.Debug|x64.Build.0 = Debug|Any CPU
		{F3DD6324-9889-4088-A9F0-37430853C7F8}.Debug|x86.ActiveCfg = Debug|Any CPU
		{F3DD6324-9889-4088-A9F0-37430853C7F8}.Debug|x86.Build.0 = Debug|Any CPU
		{F3DD6324-9889-4088-A9F0-37430853C7F8}.Release|Any CPU.ActiveCfg = Release|Any CPU
		{F3DD6324-9889-4088-A9F0-37430853C7F8}.Release|Any CPU.Build.0 = Release|Any CPU
		{F3DD6324-9889-4088-A9F0-37430853C7F8}.Release|x64.ActiveCfg = Release|Any CPU
		{F3DD6324-9889-4088-A9F0-37430853C7F8}.Release|x64.Build.0 = Release|Any CPU
		{F3DD6324-9889-4088-A9F0-37430853C7F8}.Release|x86.ActiveCfg = Release|Any CPU
		{F3DD6324-9889-4088-A9F0-37430853C7F8}.Release|x86.Build.0 = Release|Any CPU
		{0411AF81-B095-44DB-9FA0-8E7902BAD3A8}.Debug|Any CPU.ActiveCfg = Debug|Any CPU
		{0411AF81-B095-44DB-9FA0-8E7902BAD3A8}.Debug|Any CPU.Build.0 = Debug|Any CPU
		{0411AF81-B095-44DB-9FA0-8E7902BAD3A8}.Debug|x64.ActiveCfg = Debug|Any CPU
		{0411AF81-B095-44DB-9FA0-8E7902BAD3A8}.Debug|x64.Build.0 = Debug|Any CPU
		{0411AF81-B095-44DB-9FA0-8E7902BAD3A8}.Debug|x86.ActiveCfg = Debug|Any CPU
		{0411AF81-B095-44DB-9FA0-8E7902BAD3A8}.Debug|x86.Build.0 = Debug|Any CPU
		{0411AF81-B095-44DB-9FA0-8E7902BAD3A8}.Release|Any CPU.ActiveCfg = Release|Any CPU
		{0411AF81-B095-44DB-9FA0-8E7902BAD3A8}.Release|Any CPU.Build.0 = Release|Any CPU
		{0411AF81-B095-44DB-9FA0-8E7902BAD3A8}.Release|x64.ActiveCfg = Release|Any CPU
		{0411AF81-B095-44DB-9FA0-8E7902BAD3A8}.Release|x64.Build.0 = Release|Any CPU
		{0411AF81-B095-44DB-9FA0-8E7902BAD3A8}.Release|x86.ActiveCfg = Release|Any CPU
		{0411AF81-B095-44DB-9FA0-8E7902BAD3A8}.Release|x86.Build.0 = Release|Any CPU
	EndGlobalSection
	GlobalSection(SolutionProperties) = preSolution
		HideSolutionNode = FALSE
	EndGlobalSection
	GlobalSection(NestedProjects) = preSolution
		{B119165D-D222-4012-ACF7-73778373CC92} = {827E0CD3-B72D-47B6-A68D-7590B98EB39B}
		{098ADBD5-1891-47F4-86C7-6BD7A1667ACB} = {827E0CD3-B72D-47B6-A68D-7590B98EB39B}
		{7D71E78A-EAF9-451A-9C46-C4EAA123FC7F} = {827E0CD3-B72D-47B6-A68D-7590B98EB39B}
		{AE29CF06-4DDE-40FB-A8A2-935BFFE5AFB7} = {827E0CD3-B72D-47B6-A68D-7590B98EB39B}
		{F3DD6324-9889-4088-A9F0-37430853C7F8} = {827E0CD3-B72D-47B6-A68D-7590B98EB39B}
		{0411AF81-B095-44DB-9FA0-8E7902BAD3A8} = {827E0CD3-B72D-47B6-A68D-7590B98EB39B}
	EndGlobalSection
EndGlobal
